
Microsoft Visual Studio Solution File, Format Version 12.00
# Visual Studio Version 16
VisualStudioVersion = 16.0.30611.23
MinimumVisualStudioVersion = 10.0.40219.1
Project("{FAE04EC0-301F-11D3-BF4B-00C04F79EFBC}") = "Touruta.Api", "touruta_api\Touruta.Api.csproj", "{922FA861-8D47-43B3-9581-E1C8509B210C}"
EndProject
Project("{FAE04EC0-301F-11D3-BF4B-00C04F79EFBC}") = "Touruta.Core", "touruta_core\Touruta.Core.csproj", "{03777EDE-368E-476D-B3E7-59555AC15558}"
EndProject
Project("{FAE04EC0-301F-11D3-BF4B-00C04F79EFBC}") = "Touruta.Infrastructure", "touruta_infrastructure\Touruta.Infrastructure.csproj", "{DC4EEE66-F91E-4488-B195-01F1E2D270BB}"
EndProject
Project("{2150E333-8FDC-42A3-9474-1A3956D46DE8}") = "tests", "tests", "{A100181A-D525-4836-AA20-7359C8BE541F}"
EndProject
Project("{FAE04EC0-301F-11D3-BF4B-00C04F79EFBC}") = "Touruta.UnitTests", "touruta_unitTests\Touruta.UnitTests.csproj", "{3E42B70B-68CC-4F4D-AE8B-5F25D7D924DC}"
EndProject
Project("{FAE04EC0-301F-11D3-BF4B-00C04F79EFBC}") = "Touruta.IntegrationTests", "touruta_integrationTests\Touruta.IntegrationTests.csproj", "{716DE442-62DC-4A45-8EFC-9B26BE3C4AE6}"
EndProject
Global
	GlobalSection(SolutionConfigurationPlatforms) = preSolution
		Debug|Any CPU = Debug|Any CPU
		Release|Any CPU = Release|Any CPU
	EndGlobalSection
	GlobalSection(ProjectConfigurationPlatforms) = postSolution
		{922FA861-8D47-43B3-9581-E1C8509B210C}.Debug|Any CPU.ActiveCfg = Debug|Any CPU
		{922FA861-8D47-43B3-9581-E1C8509B210C}.Debug|Any CPU.Build.0 = Debug|Any CPU
		{922FA861-8D47-43B3-9581-E1C8509B210C}.Release|Any CPU.ActiveCfg = Release|Any CPU
		{922FA861-8D47-43B3-9581-E1C8509B210C}.Release|Any CPU.Build.0 = Release|Any CPU
		{03777EDE-368E-476D-B3E7-59555AC15558}.Debug|Any CPU.ActiveCfg = Debug|Any CPU
		{03777EDE-368E-476D-B3E7-59555AC15558}.Debug|Any CPU.Build.0 = Debug|Any CPU
		{03777EDE-368E-476D-B3E7-59555AC15558}.Release|Any CPU.ActiveCfg = Release|Any CPU
		{03777EDE-368E-476D-B3E7-59555AC15558}.Release|Any CPU.Build.0 = Release|Any CPU
		{DC4EEE66-F91E-4488-B195-01F1E2D270BB}.Debug|Any CPU.ActiveCfg = Debug|Any CPU
		{DC4EEE66-F91E-4488-B195-01F1E2D270BB}.Debug|Any CPU.Build.0 = Debug|Any CPU
		{DC4EEE66-F91E-4488-B195-01F1E2D270BB}.Release|Any CPU.ActiveCfg = Release|Any CPU
		{DC4EEE66-F91E-4488-B195-01F1E2D270BB}.Release|Any CPU.Build.0 = Release|Any CPU
		{3E42B70B-68CC-4F4D-AE8B-5F25D7D924DC}.Debug|Any CPU.ActiveCfg = Debug|Any CPU
		{3E42B70B-68CC-4F4D-AE8B-5F25D7D924DC}.Debug|Any CPU.Build.0 = Debug|Any CPU
		{3E42B70B-68CC-4F4D-AE8B-5F25D7D924DC}.Release|Any CPU.ActiveCfg = Release|Any CPU
		{3E42B70B-68CC-4F4D-AE8B-5F25D7D924DC}.Release|Any CPU.Build.0 = Release|Any CPU
		{716DE442-62DC-4A45-8EFC-9B26BE3C4AE6}.Debug|Any CPU.ActiveCfg = Debug|Any CPU
		{716DE442-62DC-4A45-8EFC-9B26BE3C4AE6}.Debug|Any CPU.Build.0 = Debug|Any CPU
		{716DE442-62DC-4A45-8EFC-9B26BE3C4AE6}.Release|Any CPU.ActiveCfg = Release|Any CPU
		{716DE442-62DC-4A45-8EFC-9B26BE3C4AE6}.Release|Any CPU.Build.0 = Release|Any CPU
	EndGlobalSection
	GlobalSection(SolutionProperties) = preSolution
		HideSolutionNode = FALSE
	EndGlobalSection
	GlobalSection(NestedProjects) = preSolution
		{3E42B70B-68CC-4F4D-AE8B-5F25D7D924DC} = {A100181A-D525-4836-AA20-7359C8BE541F}
		{716DE442-62DC-4A45-8EFC-9B26BE3C4AE6} = {A100181A-D525-4836-AA20-7359C8BE541F}
	EndGlobalSection
	GlobalSection(ExtensibilityGlobals) = postSolution
		SolutionGuid = {A4155C18-E1CD-4E49-8B19-F876452905F7}
	EndGlobalSection
EndGlobal
